
Microsoft Visual Studio Solution File, Format Version 12.00
# Visual Studio Version 16
VisualStudioVersion = 16.0.30011.22
MinimumVisualStudioVersion = 10.0.40219.1
Project("{FAE04EC0-301F-11D3-BF4B-00C04F79EFBC}") = "API_Capstone", "API_Capstone\API_Capstone.csproj", "{419A70E6-8DA2-4463-BAEB-2F96175677D7}"
EndProject
Global
	GlobalSection(SolutionConfigurationPlatforms) = preSolution
		Debug|Any CPU = Debug|Any CPU
		Release|Any CPU = Release|Any CPU
	EndGlobalSection
	GlobalSection(ProjectConfigurationPlatforms) = postSolution
		{419A70E6-8DA2-4463-BAEB-2F96175677D7}.Debug|Any CPU.ActiveCfg = Debug|Any CPU
		{419A70E6-8DA2-4463-BAEB-2F96175677D7}.Debug|Any CPU.Build.0 = Debug|Any CPU
		{419A70E6-8DA2-4463-BAEB-2F96175677D7}.Release|Any CPU.ActiveCfg = Release|Any CPU
		{419A70E6-8DA2-4463-BAEB-2F96175677D7}.Release|Any CPU.Build.0 = Release|Any CPU
	EndGlobalSection
	GlobalSection(SolutionProperties) = preSolution
		HideSolutionNode = FALSE
	EndGlobalSection
	GlobalSection(ExtensibilityGlobals) = postSolution
		SolutionGuid = {EBDED11C-A517-45DF-809F-E7051A0F20F5}
	EndGlobalSection
EndGlobal
